
Microsoft Visual Studio Solution File, Format Version 12.00
# Visual Studio Version 17
VisualStudioVersion = 17.14.36401.2
MinimumVisualStudioVersion = 10.0.40219.1
Project("{2150E333-8FDC-42A3-9474-1A3956D46DE8}") = "SharedLib", "SharedLib", "{02EA681E-C7D8-13C7-8484-4AC65E1B71E8}"
EndProject
Project("{2150E333-8FDC-42A3-9474-1A3956D46DE8}") = "Client", "Client", "{BFABC47A-F1D5-44E5-A41E-032E04C82C57}"
EndProject
Project("{2150E333-8FDC-42A3-9474-1A3956D46DE8}") = "Server", "Server", "{636F7A67-204B-452C-A834-CD29F6897B8B}"
EndProject
Project("{FAE04EC0-301F-11D3-BF4B-00C04F79EFBC}") = "WPFDeveloper", "Client\WPFDeveloper\WPFDeveloper.csproj", "{9D397C16-7BCB-FD00-CC43-CF584B0C84C5}"
EndProject
Global
	GlobalSection(SolutionConfigurationPlatforms) = preSolution
		Debug|Any CPU = Debug|Any CPU
		Release|Any CPU = Release|Any CPU
	EndGlobalSection
	GlobalSection(ProjectConfigurationPlatforms) = postSolution
		{9D397C16-7BCB-FD00-CC43-CF584B0C84C5}.Debug|Any CPU.ActiveCfg = Debug|Any CPU
		{9D397C16-7BCB-FD00-CC43-CF584B0C84C5}.Debug|Any CPU.Build.0 = Debug|Any CPU
		{9D397C16-7BCB-FD00-CC43-CF584B0C84C5}.Release|Any CPU.ActiveCfg = Release|Any CPU
		{9D397C16-7BCB-FD00-CC43-CF584B0C84C5}.Release|Any CPU.Build.0 = Release|Any CPU
	EndGlobalSection
	GlobalSection(SolutionProperties) = preSolution
		HideSolutionNode = FALSE
	EndGlobalSection
	GlobalSection(NestedProjects) = preSolution
		{9D397C16-7BCB-FD00-CC43-CF584B0C84C5} = {BFABC47A-F1D5-44E5-A41E-032E04C82C57}
	EndGlobalSection
	GlobalSection(ExtensibilityGlobals) = postSolution
		SolutionGuid = {571BC290-4158-4A83-8803-FF2CAFA01F17}
	EndGlobalSection
EndGlobal
