
Microsoft Visual Studio Solution File, Format Version 12.00
# Visual Studio Version 17
VisualStudioVersion = 17.9.34701.34
MinimumVisualStudioVersion = 10.0.40219.1
Project("{9A19103F-16F7-4668-BE54-9A1E7A4F7556}") = "PollyDemo", "PollyDemo\PollyDemo.csproj", "{C6FC92B6-D99D-4CE8-B5A1-0C8F53EBBAA6}"
EndProject
Project("{FAE04EC0-301F-11D3-BF4B-00C04F79EFBC}") = "PollyWpfDemo", "PollyWpfDemo\PollyWpfDemo.csproj", "{173E703F-839D-4246-BE25-6E5CF8AF38E0}"
EndProject
Global
	GlobalSection(SolutionConfigurationPlatforms) = preSolution
		Debug|Any CPU = Debug|Any CPU
		Release|Any CPU = Release|Any CPU
	EndGlobalSection
	GlobalSection(ProjectConfigurationPlatforms) = postSolution
		{C6FC92B6-D99D-4CE8-B5A1-0C8F53EBBAA6}.Debug|Any CPU.ActiveCfg = Debug|Any CPU
		{C6FC92B6-D99D-4CE8-B5A1-0C8F53EBBAA6}.Debug|Any CPU.Build.0 = Debug|Any CPU
		{C6FC92B6-D99D-4CE8-B5A1-0C8F53EBBAA6}.Release|Any CPU.ActiveCfg = Release|Any CPU
		{C6FC92B6-D99D-4CE8-B5A1-0C8F53EBBAA6}.Release|Any CPU.Build.0 = Release|Any CPU
		{173E703F-839D-4246-BE25-6E5CF8AF38E0}.Debug|Any CPU.ActiveCfg = Debug|Any CPU
		{173E703F-839D-4246-BE25-6E5CF8AF38E0}.Debug|Any CPU.Build.0 = Debug|Any CPU
		{173E703F-839D-4246-BE25-6E5CF8AF38E0}.Release|Any CPU.ActiveCfg = Release|Any CPU
		{173E703F-839D-4246-BE25-6E5CF8AF38E0}.Release|Any CPU.Build.0 = Release|Any CPU
	EndGlobalSection
	GlobalSection(SolutionProperties) = preSolution
		HideSolutionNode = FALSE
	EndGlobalSection
	GlobalSection(ExtensibilityGlobals) = postSolution
		SolutionGuid = {BA0C2F3D-FC25-40C3-A38B-2094880BEB16}
	EndGlobalSection
EndGlobal
